
Microsoft Visual Studio Solution File, Format Version 12.00
# Visual Studio 15
VisualStudioVersion = 15.0.27428.2043
MinimumVisualStudioVersion = 10.0.40219.1
Project("{9A19103F-16F7-4668-BE54-9A1E7A4F7556}") = "AlbumArtExtraction", "AlbumArtExtraction\AlbumArtExtraction.csproj", "{43B10C95-8BC7-4191-BC76-B7CCE291AF84}"
EndProject
Project("{FAE04EC0-301F-11D3-BF4B-00C04F79EFBC}") = "AlbumArtExtraction.CommandLine", "AlbumArtExtraction.CommandLine\AlbumArtExtraction.CommandLine.csproj", "{442F1894-255A-4012-B20D-89A4AF86CC1C}"
EndProject
Global
	GlobalSection(SolutionConfigurationPlatforms) = preSolution
		Debug|Any CPU = Debug|Any CPU
		Release|Any CPU = Release|Any CPU
	EndGlobalSection
	GlobalSection(ProjectConfigurationPlatforms) = postSolution
		{43B10C95-8BC7-4191-BC76-B7CCE291AF84}.Debug|Any CPU.ActiveCfg = Debug|Any CPU
		{43B10C95-8BC7-4191-BC76-B7CCE291AF84}.Debug|Any CPU.Build.0 = Debug|Any CPU
		{43B10C95-8BC7-4191-BC76-B7CCE291AF84}.Release|Any CPU.ActiveCfg = Release|Any CPU
		{43B10C95-8BC7-4191-BC76-B7CCE291AF84}.Release|Any CPU.Build.0 = Release|Any CPU
		{442F1894-255A-4012-B20D-89A4AF86CC1C}.Debug|Any CPU.ActiveCfg = Debug|Any CPU
		{442F1894-255A-4012-B20D-89A4AF86CC1C}.Debug|Any CPU.Build.0 = Debug|Any CPU
		{442F1894-255A-4012-B20D-89A4AF86CC1C}.Release|Any CPU.ActiveCfg = Release|Any CPU
		{442F1894-255A-4012-B20D-89A4AF86CC1C}.Release|Any CPU.Build.0 = Release|Any CPU
	EndGlobalSection
	GlobalSection(SolutionProperties) = preSolution
		HideSolutionNode = FALSE
	EndGlobalSection
	GlobalSection(ExtensibilityGlobals) = postSolution
		SolutionGuid = {DC603A10-E02A-463C-98AB-F1D8A3C0F4E4}
	EndGlobalSection
EndGlobal
